dependencies:
- name: postgresql
  repository: https://charts.bitnami.com/bitnami
  version: 15.5.16
- name: redis
  repository: https://charts.bitnami.com/bitnami
  version: 19.6.2
- name: ingress-nginx
  repository: https://kubernetes.github.io/ingress-nginx
  version: 4.11.1
- name: prometheus
  repository: https://prometheus-community.github.io/helm-charts
  version: 25.24.1
- name: kubernetes-dashboard
  repository: https://kubernetes.github.io/dashboard
  version: 7.5.0
- name: airflow
  repository: https://airflow.apache.org/
  version: 1.14.0
- name: mlflow
  repository: https://charts.bitnami.com/bitnami
  version: 1.4.16
digest: sha256:0ec882cefcbc92ee4533948bd6002e8e95f9d80d36c1143a53f5e568baf58599
generated: "2024-11-07T16:11:17.37458-07:00"
