{
  "name": "deeplynx",
  "lockfileVersion": 3,
  "requires": true,
  "packages": {
    "": {
      "dependencies": {
        "pgvector": "^0.2.0"
      }
    },
    "node_modules/pgvector": {
      "version": "0.2.0",
      "resolved": "https://registry.npmjs.org/pgvector/-/pgvector-0.2.0.tgz",
      "integrity": "sha512-ef9SggYLzgshzpsFHAha77ghSOucf1ebXcuvokgTQK6V01uihqGJv6i0+U+yjEgiDsiVtTdojDrqOHRcSmcECw==",
      "engines": {
        "node": ">= 18"
      }
    }
  }
}
